# This file is automatically @generated by Cargo.
# It is not intended for manual editing.
version = 3

[[package]]
name = "poggers"
version = "0.1.0"
dependencies = [
 "windows",
]

[[package]]
name = "windows"
version = "0.40.0"
source = "registry+https://github.com/rust-lang/crates.io-index"
checksum = "e30acc718a52fb130fec72b1cb5f55ffeeec9253e1b785e94db222178a6acaa1"
dependencies = [
 "windows_aarch64_gnullvm",
 "windows_aarch64_msvc",
 "windows_i686_gnu",
 "windows_i686_msvc",
 "windows_x86_64_gnu",
 "windows_x86_64_gnullvm",
 "windows_x86_64_msvc",
]

[[package]]
name = "windows_aarch64_gnullvm"
version = "0.40.0"
source = "registry+https://github.com/rust-lang/crates.io-index"
checksum = "f3caa4a1a16561b714323ca6b0817403738583033a6a92e04c5d10d4ba37ca10"

[[package]]
name = "windows_aarch64_msvc"
version = "0.40.0"
source = "registry+https://github.com/rust-lang/crates.io-index"
checksum = "328973c62dfcc50fb1aaa8e7100676e0b642fe56bac6bafff3327902db843ab4"

[[package]]
name = "windows_i686_gnu"
version = "0.40.0"
source = "registry+https://github.com/rust-lang/crates.io-index"
checksum = "aa5b09fad70f0df85dea2ac2a525537e415e2bf63ee31cf9b8e263645ee9f3c1"

[[package]]
name = "windows_i686_msvc"
version = "0.40.0"
source = "registry+https://github.com/rust-lang/crates.io-index"
checksum = "2a1ad4031c1a98491fa195d8d43d7489cb749f135f2e5c4eed58da094bd0d876"

[[package]]
name = "windows_x86_64_gnu"
version = "0.40.0"
source = "registry+https://github.com/rust-lang/crates.io-index"
checksum = "520ff37edd72da8064b49d2281182898e17f0688ae9f4070bca27e4b5c162ac7"

[[package]]
name = "windows_x86_64_gnullvm"
version = "0.40.0"
source = "registry+https://github.com/rust-lang/crates.io-index"
checksum = "046e5b82215102c44fd75f488f1b9158973d02aa34d06ed85c23d6f5520a2853"

[[package]]
name = "windows_x86_64_msvc"
version = "0.40.0"
source = "registry+https://github.com/rust-lang/crates.io-index"
checksum = "2a0c9c6df55dd1bfa76e131cef44bdd8ec9c819ef3611f04dfe453fd5bfeda28"
